
Microsoft Visual Studio Solution File, Format Version 12.00
# Visual Studio Version 17
VisualStudioVersion = 17.9.34728.123
MinimumVisualStudioVersion = 10.0.40219.1
Project("{FAE04EC0-301F-11D3-BF4B-00C04F79EFBC}") = "WindowsFromLibrary", "WindowsFromLibrary\WindowsFromLibrary.csproj", "{1F831ABC-2570-407B-B4AA-5BD0814C2396}"
EndProject
Global
	GlobalSection(SolutionConfigurationPlatforms) = preSolution
		Debug|Any CPU = Debug|Any CPU
		Release|Any CPU = Release|Any CPU
	EndGlobalSection
	GlobalSection(ProjectConfigurationPlatforms) = postSolution
		{1F831ABC-2570-407B-B4AA-5BD0814C2396}.Debug|Any CPU.ActiveCfg = Debug|Any CPU
		{1F831ABC-2570-407B-B4AA-5BD0814C2396}.Debug|Any CPU.Build.0 = Debug|Any CPU
		{1F831ABC-2570-407B-B4AA-5BD0814C2396}.Release|Any CPU.ActiveCfg = Release|Any CPU
		{1F831ABC-2570-407B-B4AA-5BD0814C2396}.Release|Any CPU.Build.0 = Release|Any CPU
	EndGlobalSection
	GlobalSection(SolutionProperties) = preSolution
		HideSolutionNode = FALSE
	EndGlobalSection
	GlobalSection(ExtensibilityGlobals) = postSolution
		SolutionGuid = {05465240-8431-487C-83B1-0FD8F36F0E41}
	EndGlobalSection
EndGlobal
